{
  "name": "lenso-source-first-workerd-proof",
  "lockfileVersion": 3,
  "requires": true,
  "packages": {
    "": {
      "name": "lenso-source-first-workerd-proof",
      "dependencies": {
        "workerd": "1.20261002.1"
      }
    },
    "node_modules/@cloudflare/workerd-darwin-64": {
      "version": "1.20261002.1",
      "resolved": "https://registry.npmjs.org/@cloudflare/workerd-darwin-64/-/workerd-darwin-64-1.20261002.1.tgz",
      "integrity": "sha512-PW3AYxxO6W2cCYCPrx0ZOqivb/2/R2zGtPgNiUgzZBGDl2MtVxWKvzDDXvTGVCmuL4aiTCziNcZktDpCcR7NnQ==",
      "cpu": [
        "x64"
      ],
      "license": "Apache-2.0",
      "optional": true,
      "os": [
        "darwin"
      ],
      "engines": {
        "node": ">=16"
      }
    },
    "node_modules/@cloudflare/workerd-darwin-arm64": {
      "version": "1.20261002.1",
      "resolved": "https://registry.npmjs.org/@cloudflare/workerd-darwin-arm64/-/workerd-darwin-arm64-1.20261002.1.tgz",
      "integrity": "sha512-vv6t7a11NBEX9eS9mfMRvUymJszXVnnWCH8VEq1f65sxsFli3O4sI4pzFcIvG+P1BKVZZDBv4gwvxWLQXuM37g==",
      "cpu": [
        "arm64"
      ],
      "license": "Apache-2.0",
      "optional": true,
      "os": [
        "darwin"
      ],
      "engines": {
        "node": ">=16"
      }
    },
    "node_modules/@cloudflare/workerd-linux-64": {
      "version": "1.20261002.1",
      "resolved": "https://registry.npmjs.org/@cloudflare/workerd-linux-64/-/workerd-linux-64-1.20261002.1.tgz",
      "integrity": "sha512-uOU1eCBoDnR4CQLkm4tqBlM1lHMgzW14VNEWWVOohi/qvmbLAwapwyLDCytxpb4U55+mXgcMFc91y+Ibh1EssA==",
      "cpu": [
        "x64"
      ],
      "license": "Apache-2.0",
      "optional": true,
      "os": [
        "linux"
      ],
      "engines": {
        "node": ">=16"
      }
    },
    "node_modules/@cloudflare/workerd-linux-arm64": {
      "version": "1.20261002.1",
      "resolved": "https://registry.npmjs.org/@cloudflare/workerd-linux-arm64/-/workerd-linux-arm64-1.20261002.1.tgz",
      "integrity": "sha512-p3Zcrj4EAYc1+yDUjRZ3ygjPUj/8Dg03ux+QyfL0UT5d1OG0BJnBSto2OVJuGQ3J3cCRsjhjYs7gzB727eKBTw==",
      "cpu": [
        "arm64"
      ],
      "license": "Apache-2.0",
      "optional": true,
      "os": [
        "linux"
      ],
      "engines": {
        "node": ">=16"
      }
    },
    "node_modules/@cloudflare/workerd-windows-64": {
      "version": "1.20261002.1",
      "resolved": "https://registry.npmjs.org/@cloudflare/workerd-windows-64/-/workerd-windows-64-1.20261002.1.tgz",
      "integrity": "sha512-S9lnFnKRUNZ6umIBjCCbdfo5cTk1fR7SKi2BcQuCUKTmOzAjLsIFV49yiwPLSH33c0TDUJn8eavX4S7bORwfBA==",
      "cpu": [
        "x64"
      ],
      "license": "Apache-2.0",
      "optional": true,
      "os": [
        "win32"
      ],
      "engines": {
        "node": ">=16"
      }
    },
    "node_modules/workerd": {
      "version": "1.20261002.1",
      "resolved": "https://registry.npmjs.org/workerd/-/workerd-1.20261002.1.tgz",
      "integrity": "sha512-HFTb9FGAEWB5AVnHP/czY/vy9tqtyV7rreb9MKntsAJi8aElBkyq7P0MLPQLgTtKOk6A+EivoS39gDH/lwzu3Q==",
      "hasInstallScript": true,
      "license": "Apache-2.0",
      "bin": {
        "workerd": "bin/workerd"
      },
      "engines": {
        "node": ">=16"
      },
      "optionalDependencies": {
        "@cloudflare/workerd-darwin-64": "1.20261002.1",
        "@cloudflare/workerd-darwin-arm64": "1.20261002.1",
        "@cloudflare/workerd-linux-64": "1.20261002.1",
        "@cloudflare/workerd-linux-arm64": "1.20261002.1",
        "@cloudflare/workerd-windows-64": "1.20261002.1"
      }
    }
  }
}
